
Microsoft Visual Studio Solution File, Format Version 12.00
# Visual Studio 15
VisualStudioVersion = 15.0.28307.757
MinimumVisualStudioVersion = 10.0.40219.1
Project("{FAE04EC0-301F-11D3-BF4B-00C04F79EFBC}") = "Magento Price Updater", "Magento Price Updater\Magento Price Updater.csproj", "{4D876384-0BC2-444E-9FD1-87432F14BC26}"
EndProject
Global
	GlobalSection(SolutionConfigurationPlatforms) = preSolution
		Debug|Any CPU = Debug|Any CPU
		Release|Any CPU = Release|Any CPU
	EndGlobalSection
	GlobalSection(ProjectConfigurationPlatforms) = postSolution
		{4D876384-0BC2-444E-9FD1-87432F14BC26}.Debug|Any CPU.ActiveCfg = Debug|Any CPU
		{4D876384-0BC2-444E-9FD1-87432F14BC26}.Debug|Any CPU.Build.0 = Debug|Any CPU
		{4D876384-0BC2-444E-9FD1-87432F14BC26}.Release|Any CPU.ActiveCfg = Release|Any CPU
		{4D876384-0BC2-444E-9FD1-87432F14BC26}.Release|Any CPU.Build.0 = Release|Any CPU
	EndGlobalSection
	GlobalSection(SolutionProperties) = preSolution
		HideSolutionNode = FALSE
	EndGlobalSection
	GlobalSection(ExtensibilityGlobals) = postSolution
		SolutionGuid = {74DED2BB-9B39-49E3-9866-AC2AEB584BAE}
	EndGlobalSection
EndGlobal
